
Microsoft Visual Studio Solution File, Format Version 12.00
# Visual Studio Version 17
VisualStudioVersion = 17.6.33829.357
MinimumVisualStudioVersion = 10.0.40219.1
Project("{FAE04EC0-301F-11D3-BF4B-00C04F79EFBC}") = "Botines.Web", "Botines.Web\Botines.Web.csproj", "{29EFF9C1-911B-4995-A535-D62952EC7177}"
EndProject
Project("{FAE04EC0-301F-11D3-BF4B-00C04F79EFBC}") = "Botines.Datos", "Botines.Datos\Botines.Datos.csproj", "{544D1431-15F3-428A-B862-A896BC448761}"
EndProject
Project("{FAE04EC0-301F-11D3-BF4B-00C04F79EFBC}") = "Botines.Entidades", "Botines.Entidades\Botines.Entidades.csproj", "{0AD72FC3-2BB3-4BB8-913D-CAD253E9C630}"
EndProject
Project("{FAE04EC0-301F-11D3-BF4B-00C04F79EFBC}") = "Botines.Servicios", "Botines.Servicios\Botines.Servicios.csproj", "{737449E8-E3E1-474F-B6DB-26836D583002}"
EndProject
Project("{FAE04EC0-301F-11D3-BF4B-00C04F79EFBC}") = "Botines.Utilidades", "Botines.Utilidades\Botines.Utilidades.csproj", "{216BE233-7D59-4837-977E-AE9DFBCE40CA}"
EndProject
Global
	GlobalSection(SolutionConfigurationPlatforms) = preSolution
		Debug|Any CPU = Debug|Any CPU
		Release|Any CPU = Release|Any CPU
	EndGlobalSection
	GlobalSection(ProjectConfigurationPlatforms) = postSolution
		{29EFF9C1-911B-4995-A535-D62952EC7177}.Debug|Any CPU.ActiveCfg = Debug|Any CPU
		{29EFF9C1-911B-4995-A535-D62952EC7177}.Debug|Any CPU.Build.0 = Debug|Any CPU
		{29EFF9C1-911B-4995-A535-D62952EC7177}.Release|Any CPU.ActiveCfg = Release|Any CPU
		{29EFF9C1-911B-4995-A535-D62952EC7177}.Release|Any CPU.Build.0 = Release|Any CPU
		{544D1431-15F3-428A-B862-A896BC448761}.Debug|Any CPU.ActiveCfg = Debug|Any CPU
		{544D1431-15F3-428A-B862-A896BC448761}.Debug|Any CPU.Build.0 = Debug|Any CPU
		{544D1431-15F3-428A-B862-A896BC448761}.Release|Any CPU.ActiveCfg = Release|Any CPU
		{544D1431-15F3-428A-B862-A896BC448761}.Release|Any CPU.Build.0 = Release|Any CPU
		{0AD72FC3-2BB3-4BB8-913D-CAD253E9C630}.Debug|Any CPU.ActiveCfg = Debug|Any CPU
		{0AD72FC3-2BB3-4BB8-913D-CAD253E9C630}.Debug|Any CPU.Build.0 = Debug|Any CPU
		{0AD72FC3-2BB3-4BB8-913D-CAD253E9C630}.Release|Any CPU.ActiveCfg = Release|Any CPU
		{0AD72FC3-2BB3-4BB8-913D-CAD253E9C630}.Release|Any CPU.Build.0 = Release|Any CPU
		{737449E8-E3E1-474F-B6DB-26836D583002}.Debug|Any CPU.ActiveCfg = Debug|Any CPU
		{737449E8-E3E1-474F-B6DB-26836D583002}.Debug|Any CPU.Build.0 = Debug|Any CPU
		{737449E8-E3E1-474F-B6DB-26836D583002}.Release|Any CPU.ActiveCfg = Release|Any CPU
		{737449E8-E3E1-474F-B6DB-26836D583002}.Release|Any CPU.Build.0 = Release|Any CPU
		{216BE233-7D59-4837-977E-AE9DFBCE40CA}.Debug|Any CPU.ActiveCfg = Debug|Any CPU
		{216BE233-7D59-4837-977E-AE9DFBCE40CA}.Debug|Any CPU.Build.0 = Debug|Any CPU
		{216BE233-7D59-4837-977E-AE9DFBCE40CA}.Release|Any CPU.ActiveCfg = Release|Any CPU
		{216BE233-7D59-4837-977E-AE9DFBCE40CA}.Release|Any CPU.Build.0 = Release|Any CPU
	EndGlobalSection
	GlobalSection(SolutionProperties) = preSolution
		HideSolutionNode = FALSE
	EndGlobalSection
	GlobalSection(ExtensibilityGlobals) = postSolution
		SolutionGuid = {7F65CA44-44B0-4EFA-90B0-6EEF208CC8CE}
	EndGlobalSection
EndGlobal
